
Microsoft Visual Studio Solution File, Format Version 12.00
# Visual Studio Version 16
VisualStudioVersion = 16.0.30225.117
MinimumVisualStudioVersion = 10.0.40219.1
Project("{9A19103F-16F7-4668-BE54-9A1E7A4F7556}") = "CXMCase2S3", "CXMCase2S3\CXMCase2S3.csproj", "{DB4B9D91-BCF6-427E-ADE8-80BD48CBE07A}"
EndProject
Global
	GlobalSection(SolutionConfigurationPlatforms) = preSolution
		Debug|Any CPU = Debug|Any CPU
		Release|Any CPU = Release|Any CPU
	EndGlobalSection
	GlobalSection(ProjectConfigurationPlatforms) = postSolution
		{DB4B9D91-BCF6-427E-ADE8-80BD48CBE07A}.Debug|Any CPU.ActiveCfg = Debug|Any CPU
		{DB4B9D91-BCF6-427E-ADE8-80BD48CBE07A}.Debug|Any CPU.Build.0 = Debug|Any CPU
		{DB4B9D91-BCF6-427E-ADE8-80BD48CBE07A}.Release|Any CPU.ActiveCfg = Release|Any CPU
		{DB4B9D91-BCF6-427E-ADE8-80BD48CBE07A}.Release|Any CPU.Build.0 = Release|Any CPU
	EndGlobalSection
	GlobalSection(SolutionProperties) = preSolution
		HideSolutionNode = FALSE
	EndGlobalSection
	GlobalSection(ExtensibilityGlobals) = postSolution
		SolutionGuid = {C3168CC8-2FEC-4578-82F7-0C81706E7B5F}
	EndGlobalSection
EndGlobal
